
Microsoft Visual Studio Solution File, Format Version 12.00
# Visual Studio Version 16
VisualStudioVersion = 16.0.28729.10
MinimumVisualStudioVersion = 10.0.40219.1
Project("{D954291E-2A0B-460D-934E-DC6B0785DB48}") = "UsbMonitorShare", "UsbMonitorShare\UsbMonitorShare.shproj", "{BD41BE34-5D22-458E-B6C3-A9D76FB8A0E4}"
EndProject
Project("{FAE04EC0-301F-11D3-BF4B-00C04F79EFBC}") = "FormsDeviceCatcherEvent", "FormsDeviceCatcherEvent\FormsDeviceCatcherEvent.csproj", "{CDCA91FA-1944-4C6E-AF9E-3F0F3689E47E}"
EndProject
Project("{FAE04EC0-301F-11D3-BF4B-00C04F79EFBC}") = "FormsDeviceCatcherMember", "FormsDeviceCatcherMember\FormsDeviceCatcherMember.csproj", "{955B0715-33F6-4007-B3AC-44E7D706599C}"
EndProject
Project("{FAE04EC0-301F-11D3-BF4B-00C04F79EFBC}") = "FormsDeviceCatcherOverride", "FormsDeviceCatcherOverride\FormsDeviceCatcherOverride.csproj", "{97FFA554-3F5B-4153-A803-D85546F13F7D}"
EndProject
Project("{FAE04EC0-301F-11D3-BF4B-00C04F79EFBC}") = "FormsUsbMonitor", "FormsUsbMonitor\FormsUsbMonitor.csproj", "{13347870-A28F-4965-82AF-9900536E1274}"
EndProject
Project("{7CF6DF6D-3B04-46F8-A40B-537D21BCA0B4}") = "FormsUsbMonitorDocumentation", "FormsUsbMonitorDocumentation\FormsUsbMonitorDocumentation.shfbproj", "{C4F78FBA-4939-4782-8883-79216AAD99FD}"
EndProject
Project("{FAE04EC0-301F-11D3-BF4B-00C04F79EFBC}") = "WpfDeviceCatcherEvent", "WpfDeviceCatcherEvent\WpfDeviceCatcherEvent.csproj", "{FE03FB5A-3906-4093-8645-16D98AA054FB}"
EndProject
Project("{FAE04EC0-301F-11D3-BF4B-00C04F79EFBC}") = "WpfDeviceCatcherMember", "WpfDeviceCatcherMember\WpfDeviceCatcherMember.csproj", "{2A2D7ED9-B247-48CD-92E5-574ECC7CA87F}"
EndProject
Project("{FAE04EC0-301F-11D3-BF4B-00C04F79EFBC}") = "WpfDeviceCatcherMvvm", "WpfDeviceCatcherMvvm\WpfDeviceCatcherMvvm.csproj", "{373DFC1B-22F1-4356-A50E-C7F5C19DFF20}"
EndProject
Project("{FAE04EC0-301F-11D3-BF4B-00C04F79EFBC}") = "WpfDeviceCatcherOverride", "WpfDeviceCatcherOverride\WpfDeviceCatcherOverride.csproj", "{DC34D9F2-CF25-4A17-9738-34E6F5C18348}"
EndProject
Project("{FAE04EC0-301F-11D3-BF4B-00C04F79EFBC}") = "WpfUsbMonitor", "WpfUsbMonitor\WpfUsbMonitor.csproj", "{64F9FA98-B57C-4AE0-9C31-A72F74FC2D51}"
EndProject
Project("{7CF6DF6D-3B04-46F8-A40B-537D21BCA0B4}") = "WpfUsbMonitorDocumentation", "WpfUsbMonitorDocumentation\WpfUsbMonitorDocumentation.shfbproj", "{505B0644-89B7-424D-88BE-9949C6D6FF9A}"
EndProject
Project("{FAE04EC0-301F-11D3-BF4B-00C04F79EFBC}") = "WpfUsbMonitorUwp", "WpfUsbMonitorUwp\WpfUsbMonitorUwp.csproj", "{D04CE9B8-A7B9-44E0-A357-C713EC25AE22}"
EndProject
Project("{FAE04EC0-301F-11D3-BF4B-00C04F79EFBC}") = "WpfDeviceCatchMemberUwp", "WpfDeviceCatchMemberUwp\WpfDeviceCatchMemberUwp.csproj", "{A327CD5C-C9BE-41A0-AA5A-8E3510F6C8BD}"
EndProject
Project("{2150E333-8FDC-42A3-9474-1A3956D46DE8}") = "Universal Windows", "Universal Windows", "{D857C896-5703-4D1F-A6F1-2D531C70B9E0}"
EndProject
Project("{2150E333-8FDC-42A3-9474-1A3956D46DE8}") = "Core", "Core", "{6011509A-273B-45CC-A523-40E79D6E120C}"
EndProject
Project("{FAE04EC0-301F-11D3-BF4B-00C04F79EFBC}") = "WpfUsbMonitorCore", "WpfUsbMonitorCore\WpfUsbMonitorCore.csproj", "{A30FAD40-B930-49BE-9837-A4B89551DD10}"
EndProject
Project("{FAE04EC0-301F-11D3-BF4B-00C04F79EFBC}") = "FormsUsbMonitorCore", "FormsUsbMonitorCore\FormsUsbMonitorCore.csproj", "{3BFEFE0D-F8D7-4A34-B5A1-02245FF9B447}"
EndProject
Project("{2150E333-8FDC-42A3-9474-1A3956D46DE8}") = "Framework", "Framework", "{B3224C14-594F-4ACF-973B-64A84F858F75}"
EndProject
Project("{2150E333-8FDC-42A3-9474-1A3956D46DE8}") = "Documentation", "Documentation", "{055F4692-2154-455C-BE1E-50171D8BC5E3}"
EndProject
Project("{2150E333-8FDC-42A3-9474-1A3956D46DE8}") = "Share", "Share", "{C17E8DCA-DB09-45E4-A678-0BECA48FE893}"
EndProject
Project("{2150E333-8FDC-42A3-9474-1A3956D46DE8}") = "Demo", "Demo", "{3383CF2F-EB27-42A1-A235-E99297503AE5}"
EndProject
Project("{FAE04EC0-301F-11D3-BF4B-00C04F79EFBC}") = "FormsDeviceCatcherMemberCore", "FormsDeviceCatcherMemberCore\FormsDeviceCatcherMemberCore.csproj", "{FCD7AC06-B7EE-446C-83E1-FD7D047AD084}"
EndProject
Project("{FAE04EC0-301F-11D3-BF4B-00C04F79EFBC}") = "FormsDeviceCatcherEventCore", "FormsDeviceCatcherEventCore\FormsDeviceCatcherEventCore.csproj", "{85A8FBAB-8B26-42E5-9FF8-FD244C76E90F}"
EndProject
Project("{FAE04EC0-301F-11D3-BF4B-00C04F79EFBC}") = "FormsDeviceCatcherOverrideCore", "FormsDeviceCatcherOverrideCore\FormsDeviceCatcherOverrideCore.csproj", "{F713248A-1A4E-4B86-A83C-CACEE8FA37B3}"
EndProject
Project("{FAE04EC0-301F-11D3-BF4B-00C04F79EFBC}") = "WpfDeviceCatcherEventCore", "WpfDeviceCatcherEventCore\WpfDeviceCatcherEventCore.csproj", "{2C74D287-73FC-4DE7-8288-ED9F7859DC99}"
EndProject
Project("{2150E333-8FDC-42A3-9474-1A3956D46DE8}") = "Demo", "Demo", "{7BAA8C15-9F58-4825-8782-00B6BEA89E9B}"
EndProject
Project("{2150E333-8FDC-42A3-9474-1A3956D46DE8}") = "Demo", "Demo", "{8A19B1A8-21C0-4843-AB07-BF5C542C816F}"
EndProject
Project("{FAE04EC0-301F-11D3-BF4B-00C04F79EFBC}") = "WpfDeviceCatcherMemberCore", "WpfDeviceCatcherMemberCore\WpfDeviceCatcherMemberCore.csproj", "{E9BBE837-1FA6-4812-8750-CB4B0C1B48C7}"
EndProject
Project("{FAE04EC0-301F-11D3-BF4B-00C04F79EFBC}") = "WpfDeviceCatcherMvvmCore", "WpfDeviceCatcherMvvmCore\WpfDeviceCatcherMvvmCore.csproj", "{4467A99B-B59C-4086-8D5A-5285138C548A}"
EndProject
Project("{FAE04EC0-301F-11D3-BF4B-00C04F79EFBC}") = "WpfDeviceCatcherOverrideCore", "WpfDeviceCatcherOverrideCore\WpfDeviceCatcherOverrideCore.csproj", "{7A88A1B8-9645-4618-A6A8-3D7B6F14DBC8}"
EndProject
Global
	GlobalSection(SharedMSBuildProjectFiles) = preSolution
		UsbMonitorShare\UsbMonitorShare.projitems*{13347870-a28f-4965-82af-9900536e1274}*SharedItemsImports = 4
		UsbMonitorShare\UsbMonitorShare.projitems*{64f9fa98-b57c-4ae0-9c31-a72f74fc2d51}*SharedItemsImports = 4
		UsbMonitorShare\UsbMonitorShare.projitems*{bd41be34-5d22-458e-b6c3-a9d76fb8a0e4}*SharedItemsImports = 13
		UsbMonitorShare\UsbMonitorShare.projitems*{d04ce9b8-a7b9-44e0-a357-c713ec25ae22}*SharedItemsImports = 4
	EndGlobalSection
	GlobalSection(SolutionConfigurationPlatforms) = preSolution
		Debug|Any CPU = Debug|Any CPU
		Debug|ARM = Debug|ARM
		Debug|ARM64 = Debug|ARM64
		Debug|x64 = Debug|x64
		Debug|x86 = Debug|x86
		Release|Any CPU = Release|Any CPU
		Release|ARM = Release|ARM
		Release|ARM64 = Release|ARM64
		Release|x64 = Release|x64
		Release|x86 = Release|x86
	EndGlobalSection
	GlobalSection(ProjectConfigurationPlatforms) = postSolution
		{CDCA91FA-1944-4C6E-AF9E-3F0F3689E47E}.Debug|Any CPU.ActiveCfg = Debug|Any CPU
		{CDCA91FA-1944-4C6E-AF9E-3F0F3689E47E}.Debug|Any CPU.Build.0 = Debug|Any CPU
		{CDCA91FA-1944-4C6E-AF9E-3F0F3689E47E}.Debug|ARM.ActiveCfg = Debug|Any CPU
		{CDCA91FA-1944-4C6E-AF9E-3F0F3689E47E}.Debug|ARM.Build.0 = Debug|Any CPU
		{CDCA91FA-1944-4C6E-AF9E-3F0F3689E47E}.Debug|ARM64.ActiveCfg = Debug|Any CPU
		{CDCA91FA-1944-4C6E-AF9E-3F0F3689E47E}.Debug|ARM64.Build.0 = Debug|Any CPU
		{CDCA91FA-1944-4C6E-AF9E-3F0F3689E47E}.Debug|x64.ActiveCfg = Debug|Any CPU
		{CDCA91FA-1944-4C6E-AF9E-3F0F3689E47E}.Debug|x64.Build.0 = Debug|Any CPU
		{CDCA91FA-1944-4C6E-AF9E-3F0F3689E47E}.Debug|x86.ActiveCfg = Debug|Any CPU
		{CDCA91FA-1944-4C6E-AF9E-3F0F3689E47E}.Debug|x86.Build.0 = Debug|Any CPU
		{CDCA91FA-1944-4C6E-AF9E-3F0F3689E47E}.Release|Any CPU.ActiveCfg = Release|Any CPU
		{CDCA91FA-1944-4C6E-AF9E-3F0F3689E47E}.Release|Any CPU.Build.0 = Release|Any CPU
		{CDCA91FA-1944-4C6E-AF9E-3F0F3689E47E}.Release|ARM.ActiveCfg = Release|Any CPU
		{CDCA91FA-1944-4C6E-AF9E-3F0F3689E47E}.Release|ARM.Build.0 = Release|Any CPU
		{CDCA91FA-1944-4C6E-AF9E-3F0F3689E47E}.Release|ARM64.ActiveCfg = Release|Any CPU
		{CDCA91FA-1944-4C6E-AF9E-3F0F3689E47E}.Release|ARM64.Build.0 = Release|Any CPU
		{CDCA91FA-1944-4C6E-AF9E-3F0F3689E47E}.Release|x64.ActiveCfg = Release|Any CPU
		{CDCA91FA-1944-4C6E-AF9E-3F0F3689E47E}.Release|x64.Build.0 = Release|Any CPU
		{CDCA91FA-1944-4C6E-AF9E-3F0F3689E47E}.Release|x86.ActiveCfg = Release|Any CPU
		{CDCA91FA-1944-4C6E-AF9E-3F0F3689E47E}.Release|x86.Build.0 = Release|Any CPU
		{955B0715-33F6-4007-B3AC-44E7D706599C}.Debug|Any CPU.ActiveCfg = Debug|Any CPU
		{955B0715-33F6-4007-B3AC-44E7D706599C}.Debug|Any CPU.Build.0 = Debug|Any CPU
		{955B0715-33F6-4007-B3AC-44E7D706599C}.Debug|ARM.ActiveCfg = Debug|Any CPU
		{955B0715-33F6-4007-B3AC-44E7D706599C}.Debug|ARM.Build.0 = Debug|Any CPU
		{955B0715-33F6-4007-B3AC-44E7D706599C}.Debug|ARM64.ActiveCfg = Debug|Any CPU
		{955B0715-33F6-4007-B3AC-44E7D706599C}.Debug|ARM64.Build.0 = Debug|Any CPU
		{955B0715-33F6-4007-B3AC-44E7D706599C}.Debug|x64.ActiveCfg = Debug|Any CPU
		{955B0715-33F6-4007-B3AC-44E7D706599C}.Debug|x64.Build.0 = Debug|Any CPU
		{955B0715-33F6-4007-B3AC-44E7D706599C}.Debug|x86.ActiveCfg = Debug|Any CPU
		{955B0715-33F6-4007-B3AC-44E7D706599C}.Debug|x86.Build.0 = Debug|Any CPU
		{955B0715-33F6-4007-B3AC-44E7D706599C}.Release|Any CPU.ActiveCfg = Release|Any CPU
		{955B0715-33F6-4007-B3AC-44E7D706599C}.Release|Any CPU.Build.0 = Release|Any CPU
		{955B0715-33F6-4007-B3AC-44E7D706599C}.Release|ARM.ActiveCfg = Release|Any CPU
		{955B0715-33F6-4007-B3AC-44E7D706599C}.Release|ARM.Build.0 = Release|Any CPU
		{955B0715-33F6-4007-B3AC-44E7D706599C}.Release|ARM64.ActiveCfg = Release|Any CPU
		{955B0715-33F6-4007-B3AC-44E7D706599C}.Release|ARM64.Build.0 = Release|Any CPU
		{955B0715-33F6-4007-B3AC-44E7D706599C}.Release|x64.ActiveCfg = Release|Any CPU
		{955B0715-33F6-4007-B3AC-44E7D706599C}.Release|x64.Build.0 = Release|Any CPU
		{955B0715-33F6-4007-B3AC-44E7D706599C}.Release|x86.ActiveCfg = Release|Any CPU
		{955B0715-33F6-4007-B3AC-44E7D706599C}.Release|x86.Build.0 = Release|Any CPU
		{97FFA554-3F5B-4153-A803-D85546F13F7D}.Debug|Any CPU.ActiveCfg = Debug|Any CPU
		{97FFA554-3F5B-4153-A803-D85546F13F7D}.Debug|Any CPU.Build.0 = Debug|Any CPU
		{97FFA554-3F5B-4153-A803-D85546F13F7D}.Debug|ARM.ActiveCfg = Debug|Any CPU
		{97FFA554-3F5B-4153-A803-D85546F13F7D}.Debug|ARM.Build.0 = Debug|Any CPU
		{97FFA554-3F5B-4153-A803-D85546F13F7D}.Debug|ARM64.ActiveCfg = Debug|Any CPU
		{97FFA554-3F5B-4153-A803-D85546F13F7D}.Debug|ARM64.Build.0 = Debug|Any CPU
		{97FFA554-3F5B-4153-A803-D85546F13F7D}.Debug|x64.ActiveCfg = Debug|Any CPU
		{97FFA554-3F5B-4153-A803-D85546F13F7D}.Debug|x64.Build.0 = Debug|Any CPU
		{97FFA554-3F5B-4153-A803-D85546F13F7D}.Debug|x86.ActiveCfg = Debug|Any CPU
		{97FFA554-3F5B-4153-A803-D85546F13F7D}.Debug|x86.Build.0 = Debug|Any CPU
		{97FFA554-3F5B-4153-A803-D85546F13F7D}.Release|Any CPU.ActiveCfg = Release|Any CPU
		{97FFA554-3F5B-4153-A803-D85546F13F7D}.Release|Any CPU.Build.0 = Release|Any CPU
		{97FFA554-3F5B-4153-A803-D85546F13F7D}.Release|ARM.ActiveCfg = Release|Any CPU
		{97FFA554-3F5B-4153-A803-D85546F13F7D}.Release|ARM.Build.0 = Release|Any CPU
		{97FFA554-3F5B-4153-A803-D85546F13F7D}.Release|ARM64.ActiveCfg = Release|Any CPU
		{97FFA554-3F5B-4153-A803-D85546F13F7D}.Release|ARM64.Build.0 = Release|Any CPU
		{97FFA554-3F5B-4153-A803-D85546F13F7D}.Release|x64.ActiveCfg = Release|Any CPU
		{97FFA554-3F5B-4153-A803-D85546F13F7D}.Release|x64.Build.0 = Release|Any CPU
		{97FFA554-3F5B-4153-A803-D85546F13F7D}.Release|x86.ActiveCfg = Release|Any CPU
		{97FFA554-3F5B-4153-A803-D85546F13F7D}.Release|x86.Build.0 = Release|Any CPU
		{13347870-A28F-4965-82AF-9900536E1274}.Debug|Any CPU.ActiveCfg = Debug|Any CPU
		{13347870-A28F-4965-82AF-9900536E1274}.Debug|Any CPU.Build.0 = Debug|Any CPU
		{13347870-A28F-4965-82AF-9900536E1274}.Debug|ARM.ActiveCfg = Debug|Any CPU
		{13347870-A28F-4965-82AF-9900536E1274}.Debug|ARM.Build.0 = Debug|Any CPU
		{13347870-A28F-4965-82AF-9900536E1274}.Debug|ARM64.ActiveCfg = Debug|Any CPU
		{13347870-A28F-4965-82AF-9900536E1274}.Debug|ARM64.Build.0 = Debug|Any CPU
		{13347870-A28F-4965-82AF-9900536E1274}.Debug|x64.ActiveCfg = Debug|Any CPU
		{13347870-A28F-4965-82AF-9900536E1274}.Debug|x64.Build.0 = Debug|Any CPU
		{13347870-A28F-4965-82AF-9900536E1274}.Debug|x86.ActiveCfg = Debug|Any CPU
		{13347870-A28F-4965-82AF-9900536E1274}.Debug|x86.Build.0 = Debug|Any CPU
		{13347870-A28F-4965-82AF-9900536E1274}.Release|Any CPU.ActiveCfg = Release|Any CPU
		{13347870-A28F-4965-82AF-9900536E1274}.Release|Any CPU.Build.0 = Release|Any CPU
		{13347870-A28F-4965-82AF-9900536E1274}.Release|ARM.ActiveCfg = Release|Any CPU
		{13347870-A28F-4965-82AF-9900536E1274}.Release|ARM.Build.0 = Release|Any CPU
		{13347870-A28F-4965-82AF-9900536E1274}.Release|ARM64.ActiveCfg = Release|Any CPU
		{13347870-A28F-4965-82AF-9900536E1274}.Release|ARM64.Build.0 = Release|Any CPU
		{13347870-A28F-4965-82AF-9900536E1274}.Release|x64.ActiveCfg = Release|Any CPU
		{13347870-A28F-4965-82AF-9900536E1274}.Release|x64.Build.0 = Release|Any CPU
		{13347870-A28F-4965-82AF-9900536E1274}.Release|x86.ActiveCfg = Release|Any CPU
		{13347870-A28F-4965-82AF-9900536E1274}.Release|x86.Build.0 = Release|Any CPU
		{C4F78FBA-4939-4782-8883-79216AAD99FD}.Debug|Any CPU.ActiveCfg = Debug|Any CPU
		{C4F78FBA-4939-4782-8883-79216AAD99FD}.Debug|ARM.ActiveCfg = Debug|Any CPU
		{C4F78FBA-4939-4782-8883-79216AAD99FD}.Debug|ARM.Build.0 = Debug|Any CPU
		{C4F78FBA-4939-4782-8883-79216AAD99FD}.Debug|ARM64.ActiveCfg = Debug|Any CPU
		{C4F78FBA-4939-4782-8883-79216AAD99FD}.Debug|ARM64.Build.0 = Debug|Any CPU
		{C4F78FBA-4939-4782-8883-79216AAD99FD}.Debug|x64.ActiveCfg = Debug|Any CPU
		{C4F78FBA-4939-4782-8883-79216AAD99FD}.Debug|x64.Build.0 = Debug|Any CPU
		{C4F78FBA-4939-4782-8883-79216AAD99FD}.Debug|x86.ActiveCfg = Debug|Any CPU
		{C4F78FBA-4939-4782-8883-79216AAD99FD}.Debug|x86.Build.0 = Debug|Any CPU
		{C4F78FBA-4939-4782-8883-79216AAD99FD}.Release|Any CPU.ActiveCfg = Release|Any CPU
		{C4F78FBA-4939-4782-8883-79216AAD99FD}.Release|Any CPU.Build.0 = Release|Any CPU
		{C4F78FBA-4939-4782-8883-79216AAD99FD}.Release|ARM.ActiveCfg = Release|Any CPU
		{C4F78FBA-4939-4782-8883-79216AAD99FD}.Release|ARM.Build.0 = Release|Any CPU
		{C4F78FBA-4939-4782-8883-79216AAD99FD}.Release|ARM64.ActiveCfg = Release|Any CPU
		{C4F78FBA-4939-4782-8883-79216AAD99FD}.Release|ARM64.Build.0 = Release|Any CPU
		{C4F78FBA-4939-4782-8883-79216AAD99FD}.Release|x64.ActiveCfg = Release|Any CPU
		{C4F78FBA-4939-4782-8883-79216AAD99FD}.Release|x64.Build.0 = Release|Any CPU
		{C4F78FBA-4939-4782-8883-79216AAD99FD}.Release|x86.ActiveCfg = Release|Any CPU
		{C4F78FBA-4939-4782-8883-79216AAD99FD}.Release|x86.Build.0 = Release|Any CPU
		{FE03FB5A-3906-4093-8645-16D98AA054FB}.Debug|Any CPU.ActiveCfg = Debug|Any CPU
		{FE03FB5A-3906-4093-8645-16D98AA054FB}.Debug|Any CPU.Build.0 = Debug|Any CPU
		{FE03FB5A-3906-4093-8645-16D98AA054FB}.Debug|ARM.ActiveCfg = Debug|Any CPU
		{FE03FB5A-3906-4093-8645-16D98AA054FB}.Debug|ARM.Build.0 = Debug|Any CPU
		{FE03FB5A-3906-4093-8645-16D98AA054FB}.Debug|ARM64.ActiveCfg = Debug|Any CPU
		{FE03FB5A-3906-4093-8645-16D98AA054FB}.Debug|ARM64.Build.0 = Debug|Any CPU
		{FE03FB5A-3906-4093-8645-16D98AA054FB}.Debug|x64.ActiveCfg = Debug|Any CPU
		{FE03FB5A-3906-4093-8645-16D98AA054FB}.Debug|x64.Build.0 = Debug|Any CPU
		{FE03FB5A-3906-4093-8645-16D98AA054FB}.Debug|x86.ActiveCfg = Debug|Any CPU
		{FE03FB5A-3906-4093-8645-16D98AA054FB}.Debug|x86.Build.0 = Debug|Any CPU
		{FE03FB5A-3906-4093-8645-16D98AA054FB}.Release|Any CPU.ActiveCfg = Release|Any CPU
		{FE03FB5A-3906-4093-8645-16D98AA054FB}.Release|Any CPU.Build.0 = Release|Any CPU
		{FE03FB5A-3906-4093-8645-16D98AA054FB}.Release|ARM.ActiveCfg = Release|Any CPU
		{FE03FB5A-3906-4093-8645-16D98AA054FB}.Release|ARM.Build.0 = Release|Any CPU
		{FE03FB5A-3906-4093-8645-16D98AA054FB}.Release|ARM64.ActiveCfg = Release|Any CPU
		{FE03FB5A-3906-4093-8645-16D98AA054FB}.Release|ARM64.Build.0 = Release|Any CPU
		{FE03FB5A-3906-4093-8645-16D98AA054FB}.Release|x64.ActiveCfg = Release|Any CPU
		{FE03FB5A-3906-4093-8645-16D98AA054FB}.Release|x64.Build.0 = Release|Any CPU
		{FE03FB5A-3906-4093-8645-16D98AA054FB}.Release|x86.ActiveCfg = Release|Any CPU
		{FE03FB5A-3906-4093-8645-16D98AA054FB}.Release|x86.Build.0 = Release|Any CPU
		{2A2D7ED9-B247-48CD-92E5-574ECC7CA87F}.Debug|Any CPU.ActiveCfg = Debug|Any CPU
		{2A2D7ED9-B247-48CD-92E5-574ECC7CA87F}.Debug|Any CPU.Build.0 = Debug|Any CPU
		{2A2D7ED9-B247-48CD-92E5-574ECC7CA87F}.Debug|ARM.ActiveCfg = Debug|Any CPU
		{2A2D7ED9-B247-48CD-92E5-574ECC7CA87F}.Debug|ARM.Build.0 = Debug|Any CPU
		{2A2D7ED9-B247-48CD-92E5-574ECC7CA87F}.Debug|ARM64.ActiveCfg = Debug|Any CPU
		{2A2D7ED9-B247-48CD-92E5-574ECC7CA87F}.Debug|ARM64.Build.0 = Debug|Any CPU
		{2A2D7ED9-B247-48CD-92E5-574ECC7CA87F}.Debug|x64.ActiveCfg = Debug|Any CPU
		{2A2D7ED9-B247-48CD-92E5-574ECC7CA87F}.Debug|x64.Build.0 = Debug|Any CPU
		{2A2D7ED9-B247-48CD-92E5-574ECC7CA87F}.Debug|x86.ActiveCfg = Debug|Any CPU
		{2A2D7ED9-B247-48CD-92E5-574ECC7CA87F}.Debug|x86.Build.0 = Debug|Any CPU
		{2A2D7ED9-B247-48CD-92E5-574ECC7CA87F}.Release|Any CPU.ActiveCfg = Release|Any CPU
		{2A2D7ED9-B247-48CD-92E5-574ECC7CA87F}.Release|Any CPU.Build.0 = Release|Any CPU
		{2A2D7ED9-B247-48CD-92E5-574ECC7CA87F}.Release|ARM.ActiveCfg = Release|Any CPU
		{2A2D7ED9-B247-48CD-92E5-574ECC7CA87F}.Release|ARM.Build.0 = Release|Any CPU
		{2A2D7ED9-B247-48CD-92E5-574ECC7CA87F}.Release|ARM64.ActiveCfg = Release|Any CPU
		{2A2D7ED9-B247-48CD-92E5-574ECC7CA87F}.Release|ARM64.Build.0 = Release|Any CPU
		{2A2D7ED9-B247-48CD-92E5-574ECC7CA87F}.Release|x64.ActiveCfg = Release|Any CPU
		{2A2D7ED9-B247-48CD-92E5-574ECC7CA87F}.Release|x64.Build.0 = Release|Any CPU
		{2A2D7ED9-B247-48CD-92E5-574ECC7CA87F}.Release|x86.ActiveCfg = Release|Any CPU
		{2A2D7ED9-B247-48CD-92E5-574ECC7CA87F}.Release|x86.Build.0 = Release|Any CPU
		{373DFC1B-22F1-4356-A50E-C7F5C19DFF20}.Debug|Any CPU.ActiveCfg = Debug|Any CPU
		{373DFC1B-22F1-4356-A50E-C7F5C19DFF20}.Debug|Any CPU.Build.0 = Debug|Any CPU
		{373DFC1B-22F1-4356-A50E-C7F5C19DFF20}.Debug|ARM.ActiveCfg = Debug|Any CPU
		{373DFC1B-22F1-4356-A50E-C7F5C19DFF20}.Debug|ARM.Build.0 = Debug|Any CPU
		{373DFC1B-22F1-4356-A50E-C7F5C19DFF20}.Debug|ARM64.ActiveCfg = Debug|Any CPU
		{373DFC1B-22F1-4356-A50E-C7F5C19DFF20}.Debug|ARM64.Build.0 = Debug|Any CPU
		{373DFC1B-22F1-4356-A50E-C7F5C19DFF20}.Debug|x64.ActiveCfg = Debug|Any CPU
		{373DFC1B-22F1-4356-A50E-C7F5C19DFF20}.Debug|x64.Build.0 = Debug|Any CPU
		{373DFC1B-22F1-4356-A50E-C7F5C19DFF20}.Debug|x86.ActiveCfg = Debug|Any CPU
		{373DFC1B-22F1-4356-A50E-C7F5C19DFF20}.Debug|x86.Build.0 = Debug|Any CPU
		{373DFC1B-22F1-4356-A50E-C7F5C19DFF20}.Release|Any CPU.ActiveCfg = Release|Any CPU
		{373DFC1B-22F1-4356-A50E-C7F5C19DFF20}.Release|Any CPU.Build.0 = Release|Any CPU
		{373DFC1B-22F1-4356-A50E-C7F5C19DFF20}.Release|ARM.ActiveCfg = Release|Any CPU
		{373DFC1B-22F1-4356-A50E-C7F5C19DFF20}.Release|ARM.Build.0 = Release|Any CPU
		{373DFC1B-22F1-4356-A50E-C7F5C19DFF20}.Release|ARM64.ActiveCfg = Release|Any CPU
		{373DFC1B-22F1-4356-A50E-C7F5C19DFF20}.Release|ARM64.Build.0 = Release|Any CPU
		{373DFC1B-22F1-4356-A50E-C7F5C19DFF20}.Release|x64.ActiveCfg = Release|Any CPU
		{373DFC1B-22F1-4356-A50E-C7F5C19DFF20}.Release|x64.Build.0 = Release|Any CPU
		{373DFC1B-22F1-4356-A50E-C7F5C19DFF20}.Release|x86.ActiveCfg = Release|Any CPU
		{373DFC1B-22F1-4356-A50E-C7F5C19DFF20}.Release|x86.Build.0 = Release|Any CPU
		{DC34D9F2-CF25-4A17-9738-34E6F5C18348}.Debug|Any CPU.ActiveCfg = Debug|Any CPU
		{DC34D9F2-CF25-4A17-9738-34E6F5C18348}.Debug|Any CPU.Build.0 = Debug|Any CPU
		{DC34D9F2-CF25-4A17-9738-34E6F5C18348}.Debug|ARM.ActiveCfg = Debug|Any CPU
		{DC34D9F2-CF25-4A17-9738-34E6F5C18348}.Debug|ARM.Build.0 = Debug|Any CPU
		{DC34D9F2-CF25-4A17-9738-34E6F5C18348}.Debug|ARM64.ActiveCfg = Debug|Any CPU
		{DC34D9F2-CF25-4A17-9738-34E6F5C18348}.Debug|ARM64.Build.0 = Debug|Any CPU
		{DC34D9F2-CF25-4A17-9738-34E6F5C18348}.Debug|x64.ActiveCfg = Debug|Any CPU
		{DC34D9F2-CF25-4A17-9738-34E6F5C18348}.Debug|x64.Build.0 = Debug|Any CPU
		{DC34D9F2-CF25-4A17-9738-34E6F5C18348}.Debug|x86.ActiveCfg = Debug|Any CPU
		{DC34D9F2-CF25-4A17-9738-34E6F5C18348}.Debug|x86.Build.0 = Debug|Any CPU
		{DC34D9F2-CF25-4A17-9738-34E6F5C18348}.Release|Any CPU.ActiveCfg = Release|Any CPU
		{DC34D9F2-CF25-4A17-9738-34E6F5C18348}.Release|Any CPU.Build.0 = Release|Any CPU
		{DC34D9F2-CF25-4A17-9738-34E6F5C18348}.Release|ARM.ActiveCfg = Release|Any CPU
		{DC34D9F2-CF25-4A17-9738-34E6F5C18348}.Release|ARM.Build.0 = Release|Any CPU
		{DC34D9F2-CF25-4A17-9738-34E6F5C18348}.Release|ARM64.ActiveCfg = Release|Any CPU
		{DC34D9F2-CF25-4A17-9738-34E6F5C18348}.Release|ARM64.Build.0 = Release|Any CPU
		{DC34D9F2-CF25-4A17-9738-34E6F5C18348}.Release|x64.ActiveCfg = Release|Any CPU
		{DC34D9F2-CF25-4A17-9738-34E6F5C18348}.Release|x64.Build.0 = Release|Any CPU
		{DC34D9F2-CF25-4A17-9738-34E6F5C18348}.Release|x86.ActiveCfg = Release|Any CPU
		{DC34D9F2-CF25-4A17-9738-34E6F5C18348}.Release|x86.Build.0 = Release|Any CPU
		{64F9FA98-B57C-4AE0-9C31-A72F74FC2D51}.Debug|Any CPU.ActiveCfg = Debug|Any CPU
		{64F9FA98-B57C-4AE0-9C31-A72F74FC2D51}.Debug|Any CPU.Build.0 = Debug|Any CPU
		{64F9FA98-B57C-4AE0-9C31-A72F74FC2D51}.Debug|ARM.ActiveCfg = Debug|Any CPU
		{64F9FA98-B57C-4AE0-9C31-A72F74FC2D51}.Debug|ARM.Build.0 = Debug|Any CPU
		{64F9FA98-B57C-4AE0-9C31-A72F74FC2D51}.Debug|ARM64.ActiveCfg = Debug|Any CPU
		{64F9FA98-B57C-4AE0-9C31-A72F74FC2D51}.Debug|ARM64.Build.0 = Debug|Any CPU
		{64F9FA98-B57C-4AE0-9C31-A72F74FC2D51}.Debug|x64.ActiveCfg = Debug|Any CPU
		{64F9FA98-B57C-4AE0-9C31-A72F74FC2D51}.Debug|x64.Build.0 = Debug|Any CPU
		{64F9FA98-B57C-4AE0-9C31-A72F74FC2D51}.Debug|x86.ActiveCfg = Debug|Any CPU
		{64F9FA98-B57C-4AE0-9C31-A72F74FC2D51}.Debug|x86.Build.0 = Debug|Any CPU
		{64F9FA98-B57C-4AE0-9C31-A72F74FC2D51}.Release|Any CPU.ActiveCfg = Release|Any CPU
		{64F9FA98-B57C-4AE0-9C31-A72F74FC2D51}.Release|Any CPU.Build.0 = Release|Any CPU
		{64F9FA98-B57C-4AE0-9C31-A72F74FC2D51}.Release|ARM.ActiveCfg = Release|Any CPU
		{64F9FA98-B57C-4AE0-9C31-A72F74FC2D51}.Release|ARM.Build.0 = Release|Any CPU
		{64F9FA98-B57C-4AE0-9C31-A72F74FC2D51}.Release|ARM64.ActiveCfg = Release|Any CPU
		{64F9FA98-B57C-4AE0-9C31-A72F74FC2D51}.Release|ARM64.Build.0 = Release|Any CPU
		{64F9FA98-B57C-4AE0-9C31-A72F74FC2D51}.Release|x64.ActiveCfg = Release|Any CPU
		{64F9FA98-B57C-4AE0-9C31-A72F74FC2D51}.Release|x64.Build.0 = Release|Any CPU
		{64F9FA98-B57C-4AE0-9C31-A72F74FC2D51}.Release|x86.ActiveCfg = Release|Any CPU
		{64F9FA98-B57C-4AE0-9C31-A72F74FC2D51}.Release|x86.Build.0 = Release|Any CPU
		{505B0644-89B7-424D-88BE-9949C6D6FF9A}.Debug|Any CPU.ActiveCfg = Debug|Any CPU
		{505B0644-89B7-424D-88BE-9949C6D6FF9A}.Debug|ARM.ActiveCfg = Debug|Any CPU
		{505B0644-89B7-424D-88BE-9949C6D6FF9A}.Debug|ARM.Build.0 = Debug|Any CPU
		{505B0644-89B7-424D-88BE-9949C6D6FF9A}.Debug|ARM64.ActiveCfg = Debug|Any CPU
		{505B0644-89B7-424D-88BE-9949C6D6FF9A}.Debug|ARM64.Build.0 = Debug|Any CPU
		{505B0644-89B7-424D-88BE-9949C6D6FF9A}.Debug|x64.ActiveCfg = Debug|Any CPU
		{505B0644-89B7-424D-88BE-9949C6D6FF9A}.Debug|x64.Build.0 = Debug|Any CPU
		{505B0644-89B7-424D-88BE-9949C6D6FF9A}.Debug|x86.ActiveCfg = Debug|Any CPU
		{505B0644-89B7-424D-88BE-9949C6D6FF9A}.Debug|x86.Build.0 = Debug|Any CPU
		{505B0644-89B7-424D-88BE-9949C6D6FF9A}.Release|Any CPU.ActiveCfg = Release|Any CPU
		{505B0644-89B7-424D-88BE-9949C6D6FF9A}.Release|Any CPU.Build.0 = Release|Any CPU
		{505B0644-89B7-424D-88BE-9949C6D6FF9A}.Release|ARM.ActiveCfg = Release|Any CPU
		{505B0644-89B7-424D-88BE-9949C6D6FF9A}.Release|ARM.Build.0 = Release|Any CPU
		{505B0644-89B7-424D-88BE-9949C6D6FF9A}.Release|ARM64.ActiveCfg = Release|Any CPU
		{505B0644-89B7-424D-88BE-9949C6D6FF9A}.Release|ARM64.Build.0 = Release|Any CPU
		{505B0644-89B7-424D-88BE-9949C6D6FF9A}.Release|x64.ActiveCfg = Release|Any CPU
		{505B0644-89B7-424D-88BE-9949C6D6FF9A}.Release|x64.Build.0 = Release|Any CPU
		{505B0644-89B7-424D-88BE-9949C6D6FF9A}.Release|x86.ActiveCfg = Release|Any CPU
		{505B0644-89B7-424D-88BE-9949C6D6FF9A}.Release|x86.Build.0 = Release|Any CPU
		{D04CE9B8-A7B9-44E0-A357-C713EC25AE22}.Debug|Any CPU.ActiveCfg = Debug|Any CPU
		{D04CE9B8-A7B9-44E0-A357-C713EC25AE22}.Debug|Any CPU.Build.0 = Debug|Any CPU
		{D04CE9B8-A7B9-44E0-A357-C713EC25AE22}.Debug|ARM.ActiveCfg = Debug|ARM
		{D04CE9B8-A7B9-44E0-A357-C713EC25AE22}.Debug|ARM.Build.0 = Debug|ARM
		{D04CE9B8-A7B9-44E0-A357-C713EC25AE22}.Debug|ARM64.ActiveCfg = Debug|ARM64
		{D04CE9B8-A7B9-44E0-A357-C713EC25AE22}.Debug|ARM64.Build.0 = Debug|ARM64
		{D04CE9B8-A7B9-44E0-A357-C713EC25AE22}.Debug|x64.ActiveCfg = Debug|x64
		{D04CE9B8-A7B9-44E0-A357-C713EC25AE22}.Debug|x64.Build.0 = Debug|x64
		{D04CE9B8-A7B9-44E0-A357-C713EC25AE22}.Debug|x86.ActiveCfg = Debug|x86
		{D04CE9B8-A7B9-44E0-A357-C713EC25AE22}.Debug|x86.Build.0 = Debug|x86
		{D04CE9B8-A7B9-44E0-A357-C713EC25AE22}.Release|Any CPU.ActiveCfg = Release|Any CPU
		{D04CE9B8-A7B9-44E0-A357-C713EC25AE22}.Release|Any CPU.Build.0 = Release|Any CPU
		{D04CE9B8-A7B9-44E0-A357-C713EC25AE22}.Release|ARM.ActiveCfg = Release|ARM
		{D04CE9B8-A7B9-44E0-A357-C713EC25AE22}.Release|ARM.Build.0 = Release|ARM
		{D04CE9B8-A7B9-44E0-A357-C713EC25AE22}.Release|ARM64.ActiveCfg = Release|ARM64
		{D04CE9B8-A7B9-44E0-A357-C713EC25AE22}.Release|ARM64.Build.0 = Release|ARM64
		{D04CE9B8-A7B9-44E0-A357-C713EC25AE22}.Release|x64.ActiveCfg = Release|x64
		{D04CE9B8-A7B9-44E0-A357-C713EC25AE22}.Release|x64.Build.0 = Release|x64
		{D04CE9B8-A7B9-44E0-A357-C713EC25AE22}.Release|x86.ActiveCfg = Release|x86
		{D04CE9B8-A7B9-44E0-A357-C713EC25AE22}.Release|x86.Build.0 = Release|x86
		{A327CD5C-C9BE-41A0-AA5A-8E3510F6C8BD}.Debug|Any CPU.ActiveCfg = Debug|x86
		{A327CD5C-C9BE-41A0-AA5A-8E3510F6C8BD}.Debug|ARM.ActiveCfg = Debug|ARM
		{A327CD5C-C9BE-41A0-AA5A-8E3510F6C8BD}.Debug|ARM.Build.0 = Debug|ARM
		{A327CD5C-C9BE-41A0-AA5A-8E3510F6C8BD}.Debug|ARM.Deploy.0 = Debug|ARM
		{A327CD5C-C9BE-41A0-AA5A-8E3510F6C8BD}.Debug|ARM64.ActiveCfg = Debug|ARM64
		{A327CD5C-C9BE-41A0-AA5A-8E3510F6C8BD}.Debug|ARM64.Build.0 = Debug|ARM64
		{A327CD5C-C9BE-41A0-AA5A-8E3510F6C8BD}.Debug|ARM64.Deploy.0 = Debug|ARM64
		{A327CD5C-C9BE-41A0-AA5A-8E3510F6C8BD}.Debug|x64.ActiveCfg = Debug|x64
		{A327CD5C-C9BE-41A0-AA5A-8E3510F6C8BD}.Debug|x64.Build.0 = Debug|x64
		{A327CD5C-C9BE-41A0-AA5A-8E3510F6C8BD}.Debug|x64.Deploy.0 = Debug|x64
		{A327CD5C-C9BE-41A0-AA5A-8E3510F6C8BD}.Debug|x86.ActiveCfg = Debug|x86
		{A327CD5C-C9BE-41A0-AA5A-8E3510F6C8BD}.Debug|x86.Build.0 = Debug|x86
		{A327CD5C-C9BE-41A0-AA5A-8E3510F6C8BD}.Debug|x86.Deploy.0 = Debug|x86
		{A327CD5C-C9BE-41A0-AA5A-8E3510F6C8BD}.Release|Any CPU.ActiveCfg = Release|x86
		{A327CD5C-C9BE-41A0-AA5A-8E3510F6C8BD}.Release|ARM.ActiveCfg = Release|ARM
		{A327CD5C-C9BE-41A0-AA5A-8E3510F6C8BD}.Release|ARM.Build.0 = Release|ARM
		{A327CD5C-C9BE-41A0-AA5A-8E3510F6C8BD}.Release|ARM.Deploy.0 = Release|ARM
		{A327CD5C-C9BE-41A0-AA5A-8E3510F6C8BD}.Release|ARM64.ActiveCfg = Release|ARM64
		{A327CD5C-C9BE-41A0-AA5A-8E3510F6C8BD}.Release|ARM64.Build.0 = Release|ARM64
		{A327CD5C-C9BE-41A0-AA5A-8E3510F6C8BD}.Release|ARM64.Deploy.0 = Release|ARM64
		{A327CD5C-C9BE-41A0-AA5A-8E3510F6C8BD}.Release|x64.ActiveCfg = Release|x64
		{A327CD5C-C9BE-41A0-AA5A-8E3510F6C8BD}.Release|x64.Build.0 = Release|x64
		{A327CD5C-C9BE-41A0-AA5A-8E3510F6C8BD}.Release|x64.Deploy.0 = Release|x64
		{A327CD5C-C9BE-41A0-AA5A-8E3510F6C8BD}.Release|x86.ActiveCfg = Release|x86
		{A327CD5C-C9BE-41A0-AA5A-8E3510F6C8BD}.Release|x86.Build.0 = Release|x86
		{A327CD5C-C9BE-41A0-AA5A-8E3510F6C8BD}.Release|x86.Deploy.0 = Release|x86
		{A30FAD40-B930-49BE-9837-A4B89551DD10}.Debug|Any CPU.ActiveCfg = Debug|Any CPU
		{A30FAD40-B930-49BE-9837-A4B89551DD10}.Debug|Any CPU.Build.0 = Debug|Any CPU
		{A30FAD40-B930-49BE-9837-A4B89551DD10}.Debug|ARM.ActiveCfg = Debug|Any CPU
		{A30FAD40-B930-49BE-9837-A4B89551DD10}.Debug|ARM.Build.0 = Debug|Any CPU
		{A30FAD40-B930-49BE-9837-A4B89551DD10}.Debug|ARM64.ActiveCfg = Debug|Any CPU
		{A30FAD40-B930-49BE-9837-A4B89551DD10}.Debug|ARM64.Build.0 = Debug|Any CPU
		{A30FAD40-B930-49BE-9837-A4B89551DD10}.Debug|x64.ActiveCfg = Debug|Any CPU
		{A30FAD40-B930-49BE-9837-A4B89551DD10}.Debug|x64.Build.0 = Debug|Any CPU
		{A30FAD40-B930-49BE-9837-A4B89551DD10}.Debug|x86.ActiveCfg = Debug|Any CPU
		{A30FAD40-B930-49BE-9837-A4B89551DD10}.Debug|x86.Build.0 = Debug|Any CPU
		{A30FAD40-B930-49BE-9837-A4B89551DD10}.Release|Any CPU.ActiveCfg = Release|Any CPU
		{A30FAD40-B930-49BE-9837-A4B89551DD10}.Release|Any CPU.Build.0 = Release|Any CPU
		{A30FAD40-B930-49BE-9837-A4B89551DD10}.Release|ARM.ActiveCfg = Release|Any CPU
		{A30FAD40-B930-49BE-9837-A4B89551DD10}.Release|ARM.Build.0 = Release|Any CPU
		{A30FAD40-B930-49BE-9837-A4B89551DD10}.Release|ARM64.ActiveCfg = Release|Any CPU
		{A30FAD40-B930-49BE-9837-A4B89551DD10}.Release|ARM64.Build.0 = Release|Any CPU
		{A30FAD40-B930-49BE-9837-A4B89551DD10}.Release|x64.ActiveCfg = Release|Any CPU
		{A30FAD40-B930-49BE-9837-A4B89551DD10}.Release|x64.Build.0 = Release|Any CPU
		{A30FAD40-B930-49BE-9837-A4B89551DD10}.Release|x86.ActiveCfg = Release|Any CPU
		{A30FAD40-B930-49BE-9837-A4B89551DD10}.Release|x86.Build.0 = Release|Any CPU
		{3BFEFE0D-F8D7-4A34-B5A1-02245FF9B447}.Debug|Any CPU.ActiveCfg = Debug|Any CPU
		{3BFEFE0D-F8D7-4A34-B5A1-02245FF9B447}.Debug|Any CPU.Build.0 = Debug|Any CPU
		{3BFEFE0D-F8D7-4A34-B5A1-02245FF9B447}.Debug|ARM.ActiveCfg = Debug|Any CPU
		{3BFEFE0D-F8D7-4A34-B5A1-02245FF9B447}.Debug|ARM.Build.0 = Debug|Any CPU
		{3BFEFE0D-F8D7-4A34-B5A1-02245FF9B447}.Debug|ARM64.ActiveCfg = Debug|Any CPU
		{3BFEFE0D-F8D7-4A34-B5A1-02245FF9B447}.Debug|ARM64.Build.0 = Debug|Any CPU
		{3BFEFE0D-F8D7-4A34-B5A1-02245FF9B447}.Debug|x64.ActiveCfg = Debug|Any CPU
		{3BFEFE0D-F8D7-4A34-B5A1-02245FF9B447}.Debug|x64.Build.0 = Debug|Any CPU
		{3BFEFE0D-F8D7-4A34-B5A1-02245FF9B447}.Debug|x86.ActiveCfg = Debug|Any CPU
		{3BFEFE0D-F8D7-4A34-B5A1-02245FF9B447}.Debug|x86.Build.0 = Debug|Any CPU
		{3BFEFE0D-F8D7-4A34-B5A1-02245FF9B447}.Release|Any CPU.ActiveCfg = Release|Any CPU
		{3BFEFE0D-F8D7-4A34-B5A1-02245FF9B447}.Release|Any CPU.Build.0 = Release|Any CPU
		{3BFEFE0D-F8D7-4A34-B5A1-02245FF9B447}.Release|ARM.ActiveCfg = Release|Any CPU
		{3BFEFE0D-F8D7-4A34-B5A1-02245FF9B447}.Release|ARM.Build.0 = Release|Any CPU
		{3BFEFE0D-F8D7-4A34-B5A1-02245FF9B447}.Release|ARM64.ActiveCfg = Release|Any CPU
		{3BFEFE0D-F8D7-4A34-B5A1-02245FF9B447}.Release|ARM64.Build.0 = Release|Any CPU
		{3BFEFE0D-F8D7-4A34-B5A1-02245FF9B447}.Release|x64.ActiveCfg = Release|Any CPU
		{3BFEFE0D-F8D7-4A34-B5A1-02245FF9B447}.Release|x64.Build.0 = Release|Any CPU
		{3BFEFE0D-F8D7-4A34-B5A1-02245FF9B447}.Release|x86.ActiveCfg = Release|Any CPU
		{3BFEFE0D-F8D7-4A34-B5A1-02245FF9B447}.Release|x86.Build.0 = Release|Any CPU
		{FCD7AC06-B7EE-446C-83E1-FD7D047AD084}.Debug|Any CPU.ActiveCfg = Debug|Any CPU
		{FCD7AC06-B7EE-446C-83E1-FD7D047AD084}.Debug|Any CPU.Build.0 = Debug|Any CPU
		{FCD7AC06-B7EE-446C-83E1-FD7D047AD084}.Debug|ARM.ActiveCfg = Debug|Any CPU
		{FCD7AC06-B7EE-446C-83E1-FD7D047AD084}.Debug|ARM.Build.0 = Debug|Any CPU
		{FCD7AC06-B7EE-446C-83E1-FD7D047AD084}.Debug|ARM64.ActiveCfg = Debug|Any CPU
		{FCD7AC06-B7EE-446C-83E1-FD7D047AD084}.Debug|ARM64.Build.0 = Debug|Any CPU
		{FCD7AC06-B7EE-446C-83E1-FD7D047AD084}.Debug|x64.ActiveCfg = Debug|Any CPU
		{FCD7AC06-B7EE-446C-83E1-FD7D047AD084}.Debug|x64.Build.0 = Debug|Any CPU
		{FCD7AC06-B7EE-446C-83E1-FD7D047AD084}.Debug|x86.ActiveCfg = Debug|Any CPU
		{FCD7AC06-B7EE-446C-83E1-FD7D047AD084}.Debug|x86.Build.0 = Debug|Any CPU
		{FCD7AC06-B7EE-446C-83E1-FD7D047AD084}.Release|Any CPU.ActiveCfg = Release|Any CPU
		{FCD7AC06-B7EE-446C-83E1-FD7D047AD084}.Release|Any CPU.Build.0 = Release|Any CPU
		{FCD7AC06-B7EE-446C-83E1-FD7D047AD084}.Release|ARM.ActiveCfg = Release|Any CPU
		{FCD7AC06-B7EE-446C-83E1-FD7D047AD084}.Release|ARM.Build.0 = Release|Any CPU
		{FCD7AC06-B7EE-446C-83E1-FD7D047AD084}.Release|ARM64.ActiveCfg = Release|Any CPU
		{FCD7AC06-B7EE-446C-83E1-FD7D047AD084}.Release|ARM64.Build.0 = Release|Any CPU
		{FCD7AC06-B7EE-446C-83E1-FD7D047AD084}.Release|x64.ActiveCfg = Release|Any CPU
		{FCD7AC06-B7EE-446C-83E1-FD7D047AD084}.Release|x64.Build.0 = Release|Any CPU
		{FCD7AC06-B7EE-446C-83E1-FD7D047AD084}.Release|x86.ActiveCfg = Release|Any CPU
		{FCD7AC06-B7EE-446C-83E1-FD7D047AD084}.Release|x86.Build.0 = Release|Any CPU
		{85A8FBAB-8B26-42E5-9FF8-FD244C76E90F}.Debug|Any CPU.ActiveCfg = Debug|Any CPU
		{85A8FBAB-8B26-42E5-9FF8-FD244C76E90F}.Debug|Any CPU.Build.0 = Debug|Any CPU
		{85A8FBAB-8B26-42E5-9FF8-FD244C76E90F}.Debug|ARM.ActiveCfg = Debug|Any CPU
		{85A8FBAB-8B26-42E5-9FF8-FD244C76E90F}.Debug|ARM.Build.0 = Debug|Any CPU
		{85A8FBAB-8B26-42E5-9FF8-FD244C76E90F}.Debug|ARM64.ActiveCfg = Debug|Any CPU
		{85A8FBAB-8B26-42E5-9FF8-FD244C76E90F}.Debug|ARM64.Build.0 = Debug|Any CPU
		{85A8FBAB-8B26-42E5-9FF8-FD244C76E90F}.Debug|x64.ActiveCfg = Debug|Any CPU
		{85A8FBAB-8B26-42E5-9FF8-FD244C76E90F}.Debug|x64.Build.0 = Debug|Any CPU
		{85A8FBAB-8B26-42E5-9FF8-FD244C76E90F}.Debug|x86.ActiveCfg = Debug|Any CPU
		{85A8FBAB-8B26-42E5-9FF8-FD244C76E90F}.Debug|x86.Build.0 = Debug|Any CPU
		{85A8FBAB-8B26-42E5-9FF8-FD244C76E90F}.Release|Any CPU.ActiveCfg = Release|Any CPU
		{85A8FBAB-8B26-42E5-9FF8-FD244C76E90F}.Release|Any CPU.Build.0 = Release|Any CPU
		{85A8FBAB-8B26-42E5-9FF8-FD244C76E90F}.Release|ARM.ActiveCfg = Release|Any CPU
		{85A8FBAB-8B26-42E5-9FF8-FD244C76E90F}.Release|ARM.Build.0 = Release|Any CPU
		{85A8FBAB-8B26-42E5-9FF8-FD244C76E90F}.Release|ARM64.ActiveCfg = Release|Any CPU
		{85A8FBAB-8B26-42E5-9FF8-FD244C76E90F}.Release|ARM64.Build.0 = Release|Any CPU
		{85A8FBAB-8B26-42E5-9FF8-FD244C76E90F}.Release|x64.ActiveCfg = Release|Any CPU
		{85A8FBAB-8B26-42E5-9FF8-FD244C76E90F}.Release|x64.Build.0 = Release|Any CPU
		{85A8FBAB-8B26-42E5-9FF8-FD244C76E90F}.Release|x86.ActiveCfg = Release|Any CPU
		{85A8FBAB-8B26-42E5-9FF8-FD244C76E90F}.Release|x86.Build.0 = Release|Any CPU
		{F713248A-1A4E-4B86-A83C-CACEE8FA37B3}.Debug|Any CPU.ActiveCfg = Debug|Any CPU
		{F713248A-1A4E-4B86-A83C-CACEE8FA37B3}.Debug|Any CPU.Build.0 = Debug|Any CPU
		{F713248A-1A4E-4B86-A83C-CACEE8FA37B3}.Debug|ARM.ActiveCfg = Debug|Any CPU
		{F713248A-1A4E-4B86-A83C-CACEE8FA37B3}.Debug|ARM.Build.0 = Debug|Any CPU
		{F713248A-1A4E-4B86-A83C-CACEE8FA37B3}.Debug|ARM64.ActiveCfg = Debug|Any CPU
		{F713248A-1A4E-4B86-A83C-CACEE8FA37B3}.Debug|ARM64.Build.0 = Debug|Any CPU
		{F713248A-1A4E-4B86-A83C-CACEE8FA37B3}.Debug|x64.ActiveCfg = Debug|Any CPU
		{F713248A-1A4E-4B86-A83C-CACEE8FA37B3}.Debug|x64.Build.0 = Debug|Any CPU
		{F713248A-1A4E-4B86-A83C-CACEE8FA37B3}.Debug|x86.ActiveCfg = Debug|Any CPU
		{F713248A-1A4E-4B86-A83C-CACEE8FA37B3}.Debug|x86.Build.0 = Debug|Any CPU
		{F713248A-1A4E-4B86-A83C-CACEE8FA37B3}.Release|Any CPU.ActiveCfg = Release|Any CPU
		{F713248A-1A4E-4B86-A83C-CACEE8FA37B3}.Release|Any CPU.Build.0 = Release|Any CPU
		{F713248A-1A4E-4B86-A83C-CACEE8FA37B3}.Release|ARM.ActiveCfg = Release|Any CPU
		{F713248A-1A4E-4B86-A83C-CACEE8FA37B3}.Release|ARM.Build.0 = Release|Any CPU
		{F713248A-1A4E-4B86-A83C-CACEE8FA37B3}.Release|ARM64.ActiveCfg = Release|Any CPU
		{F713248A-1A4E-4B86-A83C-CACEE8FA37B3}.Release|ARM64.Build.0 = Release|Any CPU
		{F713248A-1A4E-4B86-A83C-CACEE8FA37B3}.Release|x64.ActiveCfg = Release|Any CPU
		{F713248A-1A4E-4B86-A83C-CACEE8FA37B3}.Release|x64.Build.0 = Release|Any CPU
		{F713248A-1A4E-4B86-A83C-CACEE8FA37B3}.Release|x86.ActiveCfg = Release|Any CPU
		{F713248A-1A4E-4B86-A83C-CACEE8FA37B3}.Release|x86.Build.0 = Release|Any CPU
		{2C74D287-73FC-4DE7-8288-ED9F7859DC99}.Debug|Any CPU.ActiveCfg = Debug|Any CPU
		{2C74D287-73FC-4DE7-8288-ED9F7859DC99}.Debug|Any CPU.Build.0 = Debug|Any CPU
		{2C74D287-73FC-4DE7-8288-ED9F7859DC99}.Debug|ARM.ActiveCfg = Debug|Any CPU
		{2C74D287-73FC-4DE7-8288-ED9F7859DC99}.Debug|ARM.Build.0 = Debug|Any CPU
		{2C74D287-73FC-4DE7-8288-ED9F7859DC99}.Debug|ARM64.ActiveCfg = Debug|Any CPU
		{2C74D287-73FC-4DE7-8288-ED9F7859DC99}.Debug|ARM64.Build.0 = Debug|Any CPU
		{2C74D287-73FC-4DE7-8288-ED9F7859DC99}.Debug|x64.ActiveCfg = Debug|Any CPU
		{2C74D287-73FC-4DE7-8288-ED9F7859DC99}.Debug|x64.Build.0 = Debug|Any CPU
		{2C74D287-73FC-4DE7-8288-ED9F7859DC99}.Debug|x86.ActiveCfg = Debug|Any CPU
		{2C74D287-73FC-4DE7-8288-ED9F7859DC99}.Debug|x86.Build.0 = Debug|Any CPU
		{2C74D287-73FC-4DE7-8288-ED9F7859DC99}.Release|Any CPU.ActiveCfg = Release|Any CPU
		{2C74D287-73FC-4DE7-8288-ED9F7859DC99}.Release|Any CPU.Build.0 = Release|Any CPU
		{2C74D287-73FC-4DE7-8288-ED9F7859DC99}.Release|ARM.ActiveCfg = Release|Any CPU
		{2C74D287-73FC-4DE7-8288-ED9F7859DC99}.Release|ARM.Build.0 = Release|Any CPU
		{2C74D287-73FC-4DE7-8288-ED9F7859DC99}.Release|ARM64.ActiveCfg = Release|Any CPU
		{2C74D287-73FC-4DE7-8288-ED9F7859DC99}.Release|ARM64.Build.0 = Release|Any CPU
		{2C74D287-73FC-4DE7-8288-ED9F7859DC99}.Release|x64.ActiveCfg = Release|Any CPU
		{2C74D287-73FC-4DE7-8288-ED9F7859DC99}.Release|x64.Build.0 = Release|Any CPU
		{2C74D287-73FC-4DE7-8288-ED9F7859DC99}.Release|x86.ActiveCfg = Release|Any CPU
		{2C74D287-73FC-4DE7-8288-ED9F7859DC99}.Release|x86.Build.0 = Release|Any CPU
		{E9BBE837-1FA6-4812-8750-CB4B0C1B48C7}.Debug|Any CPU.ActiveCfg = Debug|Any CPU
		{E9BBE837-1FA6-4812-8750-CB4B0C1B48C7}.Debug|Any CPU.Build.0 = Debug|Any CPU
		{E9BBE837-1FA6-4812-8750-CB4B0C1B48C7}.Debug|ARM.ActiveCfg = Debug|Any CPU
		{E9BBE837-1FA6-4812-8750-CB4B0C1B48C7}.Debug|ARM.Build.0 = Debug|Any CPU
		{E9BBE837-1FA6-4812-8750-CB4B0C1B48C7}.Debug|ARM64.ActiveCfg = Debug|Any CPU
		{E9BBE837-1FA6-4812-8750-CB4B0C1B48C7}.Debug|ARM64.Build.0 = Debug|Any CPU
		{E9BBE837-1FA6-4812-8750-CB4B0C1B48C7}.Debug|x64.ActiveCfg = Debug|Any CPU
		{E9BBE837-1FA6-4812-8750-CB4B0C1B48C7}.Debug|x64.Build.0 = Debug|Any CPU
		{E9BBE837-1FA6-4812-8750-CB4B0C1B48C7}.Debug|x86.ActiveCfg = Debug|Any CPU
		{E9BBE837-1FA6-4812-8750-CB4B0C1B48C7}.Debug|x86.Build.0 = Debug|Any CPU
		{E9BBE837-1FA6-4812-8750-CB4B0C1B48C7}.Release|Any CPU.ActiveCfg = Release|Any CPU
		{E9BBE837-1FA6-4812-8750-CB4B0C1B48C7}.Release|Any CPU.Build.0 = Release|Any CPU
		{E9BBE837-1FA6-4812-8750-CB4B0C1B48C7}.Release|ARM.ActiveCfg = Release|Any CPU
		{E9BBE837-1FA6-4812-8750-CB4B0C1B48C7}.Release|ARM.Build.0 = Release|Any CPU
		{E9BBE837-1FA6-4812-8750-CB4B0C1B48C7}.Release|ARM64.ActiveCfg = Release|Any CPU
		{E9BBE837-1FA6-4812-8750-CB4B0C1B48C7}.Release|ARM64.Build.0 = Release|Any CPU
		{E9BBE837-1FA6-4812-8750-CB4B0C1B48C7}.Release|x64.ActiveCfg = Release|Any CPU
		{E9BBE837-1FA6-4812-8750-CB4B0C1B48C7}.Release|x64.Build.0 = Release|Any CPU
		{E9BBE837-1FA6-4812-8750-CB4B0C1B48C7}.Release|x86.ActiveCfg = Release|Any CPU
		{E9BBE837-1FA6-4812-8750-CB4B0C1B48C7}.Release|x86.Build.0 = Release|Any CPU
		{4467A99B-B59C-4086-8D5A-5285138C548A}.Debug|Any CPU.ActiveCfg = Debug|Any CPU
		{4467A99B-B59C-4086-8D5A-5285138C548A}.Debug|Any CPU.Build.0 = Debug|Any CPU
		{4467A99B-B59C-4086-8D5A-5285138C548A}.Debug|ARM.ActiveCfg = Debug|Any CPU
		{4467A99B-B59C-4086-8D5A-5285138C548A}.Debug|ARM.Build.0 = Debug|Any CPU
		{4467A99B-B59C-4086-8D5A-5285138C548A}.Debug|ARM64.ActiveCfg = Debug|Any CPU
		{4467A99B-B59C-4086-8D5A-5285138C548A}.Debug|ARM64.Build.0 = Debug|Any CPU
		{4467A99B-B59C-4086-8D5A-5285138C548A}.Debug|x64.ActiveCfg = Debug|Any CPU
		{4467A99B-B59C-4086-8D5A-5285138C548A}.Debug|x64.Build.0 = Debug|Any CPU
		{4467A99B-B59C-4086-8D5A-5285138C548A}.Debug|x86.ActiveCfg = Debug|Any CPU
		{4467A99B-B59C-4086-8D5A-5285138C548A}.Debug|x86.Build.0 = Debug|Any CPU
		{4467A99B-B59C-4086-8D5A-5285138C548A}.Release|Any CPU.ActiveCfg = Release|Any CPU
		{4467A99B-B59C-4086-8D5A-5285138C548A}.Release|Any CPU.Build.0 = Release|Any CPU
		{4467A99B-B59C-4086-8D5A-5285138C548A}.Release|ARM.ActiveCfg = Release|Any CPU
		{4467A99B-B59C-4086-8D5A-5285138C548A}.Release|ARM.Build.0 = Release|Any CPU
		{4467A99B-B59C-4086-8D5A-5285138C548A}.Release|ARM64.ActiveCfg = Release|Any CPU
		{4467A99B-B59C-4086-8D5A-5285138C548A}.Release|ARM64.Build.0 = Release|Any CPU
		{4467A99B-B59C-4086-8D5A-5285138C548A}.Release|x64.ActiveCfg = Release|Any CPU
		{4467A99B-B59C-4086-8D5A-5285138C548A}.Release|x64.Build.0 = Release|Any CPU
		{4467A99B-B59C-4086-8D5A-5285138C548A}.Release|x86.ActiveCfg = Release|Any CPU
		{4467A99B-B59C-4086-8D5A-5285138C548A}.Release|x86.Build.0 = Release|Any CPU
		{7A88A1B8-9645-4618-A6A8-3D7B6F14DBC8}.Debug|Any CPU.ActiveCfg = Debug|Any CPU
		{7A88A1B8-9645-4618-A6A8-3D7B6F14DBC8}.Debug|Any CPU.Build.0 = Debug|Any CPU
		{7A88A1B8-9645-4618-A6A8-3D7B6F14DBC8}.Debug|ARM.ActiveCfg = Debug|Any CPU
		{7A88A1B8-9645-4618-A6A8-3D7B6F14DBC8}.Debug|ARM.Build.0 = Debug|Any CPU
		{7A88A1B8-9645-4618-A6A8-3D7B6F14DBC8}.Debug|ARM64.ActiveCfg = Debug|Any CPU
		{7A88A1B8-9645-4618-A6A8-3D7B6F14DBC8}.Debug|ARM64.Build.0 = Debug|Any CPU
		{7A88A1B8-9645-4618-A6A8-3D7B6F14DBC8}.Debug|x64.ActiveCfg = Debug|Any CPU
		{7A88A1B8-9645-4618-A6A8-3D7B6F14DBC8}.Debug|x64.Build.0 = Debug|Any CPU
		{7A88A1B8-9645-4618-A6A8-3D7B6F14DBC8}.Debug|x86.ActiveCfg = Debug|Any CPU
		{7A88A1B8-9645-4618-A6A8-3D7B6F14DBC8}.Debug|x86.Build.0 = Debug|Any CPU
		{7A88A1B8-9645-4618-A6A8-3D7B6F14DBC8}.Release|Any CPU.ActiveCfg = Release|Any CPU
		{7A88A1B8-9645-4618-A6A8-3D7B6F14DBC8}.Release|Any CPU.Build.0 = Release|Any CPU
		{7A88A1B8-9645-4618-A6A8-3D7B6F14DBC8}.Release|ARM.ActiveCfg = Release|Any CPU
		{7A88A1B8-9645-4618-A6A8-3D7B6F14DBC8}.Release|ARM.Build.0 = Release|Any CPU
		{7A88A1B8-9645-4618-A6A8-3D7B6F14DBC8}.Release|ARM64.ActiveCfg = Release|Any CPU
		{7A88A1B8-9645-4618-A6A8-3D7B6F14DBC8}.Release|ARM64.Build.0 = Release|Any CPU
		{7A88A1B8-9645-4618-A6A8-3D7B6F14DBC8}.Release|x64.ActiveCfg = Release|Any CPU
		{7A88A1B8-9645-4618-A6A8-3D7B6F14DBC8}.Release|x64.Build.0 = Release|Any CPU
		{7A88A1B8-9645-4618-A6A8-3D7B6F14DBC8}.Release|x86.ActiveCfg = Release|Any CPU
		{7A88A1B8-9645-4618-A6A8-3D7B6F14DBC8}.Release|x86.Build.0 = Release|Any CPU
	EndGlobalSection
	GlobalSection(SolutionProperties) = preSolution
		HideSolutionNode = FALSE
	EndGlobalSection
	GlobalSection(NestedProjects) = preSolution
		{BD41BE34-5D22-458E-B6C3-A9D76FB8A0E4} = {C17E8DCA-DB09-45E4-A678-0BECA48FE893}
		{CDCA91FA-1944-4C6E-AF9E-3F0F3689E47E} = {7BAA8C15-9F58-4825-8782-00B6BEA89E9B}
		{955B0715-33F6-4007-B3AC-44E7D706599C} = {7BAA8C15-9F58-4825-8782-00B6BEA89E9B}
		{97FFA554-3F5B-4153-A803-D85546F13F7D} = {7BAA8C15-9F58-4825-8782-00B6BEA89E9B}
		{13347870-A28F-4965-82AF-9900536E1274} = {B3224C14-594F-4ACF-973B-64A84F858F75}
		{C4F78FBA-4939-4782-8883-79216AAD99FD} = {055F4692-2154-455C-BE1E-50171D8BC5E3}
		{FE03FB5A-3906-4093-8645-16D98AA054FB} = {7BAA8C15-9F58-4825-8782-00B6BEA89E9B}
		{2A2D7ED9-B247-48CD-92E5-574ECC7CA87F} = {7BAA8C15-9F58-4825-8782-00B6BEA89E9B}
		{373DFC1B-22F1-4356-A50E-C7F5C19DFF20} = {7BAA8C15-9F58-4825-8782-00B6BEA89E9B}
		{DC34D9F2-CF25-4A17-9738-34E6F5C18348} = {7BAA8C15-9F58-4825-8782-00B6BEA89E9B}
		{64F9FA98-B57C-4AE0-9C31-A72F74FC2D51} = {B3224C14-594F-4ACF-973B-64A84F858F75}
		{505B0644-89B7-424D-88BE-9949C6D6FF9A} = {055F4692-2154-455C-BE1E-50171D8BC5E3}
		{D04CE9B8-A7B9-44E0-A357-C713EC25AE22} = {D857C896-5703-4D1F-A6F1-2D531C70B9E0}
		{A327CD5C-C9BE-41A0-AA5A-8E3510F6C8BD} = {8A19B1A8-21C0-4843-AB07-BF5C542C816F}
		{A30FAD40-B930-49BE-9837-A4B89551DD10} = {6011509A-273B-45CC-A523-40E79D6E120C}
		{3BFEFE0D-F8D7-4A34-B5A1-02245FF9B447} = {6011509A-273B-45CC-A523-40E79D6E120C}
		{3383CF2F-EB27-42A1-A235-E99297503AE5} = {6011509A-273B-45CC-A523-40E79D6E120C}
		{FCD7AC06-B7EE-446C-83E1-FD7D047AD084} = {3383CF2F-EB27-42A1-A235-E99297503AE5}
		{85A8FBAB-8B26-42E5-9FF8-FD244C76E90F} = {3383CF2F-EB27-42A1-A235-E99297503AE5}
		{F713248A-1A4E-4B86-A83C-CACEE8FA37B3} = {3383CF2F-EB27-42A1-A235-E99297503AE5}
		{2C74D287-73FC-4DE7-8288-ED9F7859DC99} = {3383CF2F-EB27-42A1-A235-E99297503AE5}
		{7BAA8C15-9F58-4825-8782-00B6BEA89E9B} = {B3224C14-594F-4ACF-973B-64A84F858F75}
		{8A19B1A8-21C0-4843-AB07-BF5C542C816F} = {D857C896-5703-4D1F-A6F1-2D531C70B9E0}
		{E9BBE837-1FA6-4812-8750-CB4B0C1B48C7} = {3383CF2F-EB27-42A1-A235-E99297503AE5}
		{4467A99B-B59C-4086-8D5A-5285138C548A} = {3383CF2F-EB27-42A1-A235-E99297503AE5}
		{7A88A1B8-9645-4618-A6A8-3D7B6F14DBC8} = {3383CF2F-EB27-42A1-A235-E99297503AE5}
	EndGlobalSection
	GlobalSection(ExtensibilityGlobals) = postSolution
		SolutionGuid = {94CA31E8-A28A-4CA9-999F-98CFFA08EFF4}
	EndGlobalSection
EndGlobal
